
Microsoft Visual Studio Solution File, Format Version 12.00
# Visual Studio Version 17
VisualStudioVersion = 17.0.32126.317
MinimumVisualStudioVersion = 10.0.40219.1
Project("{FAE04EC0-301F-11D3-BF4B-00C04F79EFBC}") = "UserMaintenance", "UserMaintenance\UserMaintenance.csproj", "{DE805109-9458-4A83-9180-F5E78BFBC5A3}"
EndProject
Global
	GlobalSection(SolutionConfigurationPlatforms) = preSolution
		Debug|Any CPU = Debug|Any CPU
		Release|Any CPU = Release|Any CPU
	EndGlobalSection
	GlobalSection(ProjectConfigurationPlatforms) = postSolution
		{DE805109-9458-4A83-9180-F5E78BFBC5A3}.Debug|Any CPU.ActiveCfg = Debug|Any CPU
		{DE805109-9458-4A83-9180-F5E78BFBC5A3}.Debug|Any CPU.Build.0 = Debug|Any CPU
		{DE805109-9458-4A83-9180-F5E78BFBC5A3}.Release|Any CPU.ActiveCfg = Release|Any CPU
		{DE805109-9458-4A83-9180-F5E78BFBC5A3}.Release|Any CPU.Build.0 = Release|Any CPU
	EndGlobalSection
	GlobalSection(SolutionProperties) = preSolution
		HideSolutionNode = FALSE
	EndGlobalSection
	GlobalSection(ExtensibilityGlobals) = postSolution
		SolutionGuid = {B44EA769-6CE6-4216-933E-4B3B997E05A3}
	EndGlobalSection
EndGlobal
