
Microsoft Visual Studio Solution File, Format Version 12.00
# Visual Studio Version 17
VisualStudioVersion = 17.0.32126.317
MinimumVisualStudioVersion = 10.0.40219.1
Project("{FAE04EC0-301F-11D3-BF4B-00C04F79EFBC}") = "WebService", "WebService\WebService.csproj", "{E82C64FB-156F-44A5-8E75-0A154E0AA3BD}"
EndProject
Global
	GlobalSection(SolutionConfigurationPlatforms) = preSolution
		Debug|Any CPU = Debug|Any CPU
		Release|Any CPU = Release|Any CPU
	EndGlobalSection
	GlobalSection(ProjectConfigurationPlatforms) = postSolution
		{E82C64FB-156F-44A5-8E75-0A154E0AA3BD}.Debug|Any CPU.ActiveCfg = Debug|Any CPU
		{E82C64FB-156F-44A5-8E75-0A154E0AA3BD}.Debug|Any CPU.Build.0 = Debug|Any CPU
		{E82C64FB-156F-44A5-8E75-0A154E0AA3BD}.Release|Any CPU.ActiveCfg = Release|Any CPU
		{E82C64FB-156F-44A5-8E75-0A154E0AA3BD}.Release|Any CPU.Build.0 = Release|Any CPU
	EndGlobalSection
	GlobalSection(SolutionProperties) = preSolution
		HideSolutionNode = FALSE
	EndGlobalSection
	GlobalSection(ExtensibilityGlobals) = postSolution
		SolutionGuid = {DA086D40-BBE9-4567-80D4-D5D111953453}
	EndGlobalSection
EndGlobal
